// !$*UTF8*$!
{
	archiveVersion = 1;
	classes = {
	};
	objectVersion = 46;
	objects = {

/* Begin PBXBuildFile section */
		20BCA43ED06F588CCB531B55 /* Pods_RepresentMe.framework in Frameworks */ = {isa = PBXBuildFile; fileRef = 171E57D20C6968ED001E1E79 /* Pods_RepresentMe.framework */; };
		A509CB1E205DFAE200C317EB /* AppDelegate.swift in Sources */ = {isa = PBXBuildFile; fileRef = A509CB1D205DFAE200C317EB /* AppDelegate.swift */; };
		A509CB23205DFAE200C317EB /* Main.storyboard in Resources */ = {isa = PBXBuildFile; fileRef = A509CB21205DFAE200C317EB /* Main.storyboard */; };
		A509CB25205DFAE200C317EB /* Assets.xcassets in Resources */ = {isa = PBXBuildFile; fileRef = A509CB24205DFAE200C317EB /* Assets.xcassets */; };
		A509CB28205DFAE200C317EB /* LaunchScreen.storyboard in Resources */ = {isa = PBXBuildFile; fileRef = A509CB26205DFAE200C317EB /* LaunchScreen.storyboard */; };
		A512E1FF205F4B0A00A52FD4 /* CandidateDataModel.swift in Sources */ = {isa = PBXBuildFile; fileRef = A512E1FE205F4B0A00A52FD4 /* CandidateDataModel.swift */; };
/* End PBXBuildFile section */

/* Begin PBXFileReference section */
		02D3473696087DE1213A348C /* Pods-RepresentMe.release.xcconfig */ = {isa = PBXFileReference; includeInIndex = 1; lastKnownFileType = text.xcconfig; name = "Pods-RepresentMe.release.xcconfig"; path = "Pods/Target Support Files/Pods-RepresentMe/Pods-RepresentMe.release.xcconfig"; sourceTree = "<group>"; };
		0BBAC6D01FDFBE101FB2D081 /* Pods-RepresentMe.debug.xcconfig */ = {isa = PBXFileReference; includeInIndex = 1; lastKnownFileType = text.xcconfig; name = "Pods-RepresentMe.debug.xcconfig"; path = "Pods/Target Support Files/Pods-RepresentMe/Pods-RepresentMe.debug.xcconfig"; sourceTree = "<group>"; };
		171E57D20C6968ED001E1E79 /* Pods_RepresentMe.framework */ = {isa = PBXFileReference; explicitFileType = wrapper.framework; includeInIndex = 0; path = Pods_RepresentMe.framework; sourceTree = BUILT_PRODUCTS_DIR; };
		A509CB1A205DFAE200C317EB /* RepresentMe.app */ = {isa = PBXFileReference; explicitFileType = wrapper.application; includeInIndex = 0; path = RepresentMe.app; sourceTree = BUILT_PRODUCTS_DIR; };
		A509CB1D205DFAE200C317EB /* AppDelegate.swift */ = {isa = PBXFileReference; lastKnownFileType = sourcecode.swift; path = AppDelegate.swift; sourceTree = "<group>"; };
		A509CB22205DFAE200C317EB /* Base */ = {isa = PBXFileReference; lastKnownFileType = file.storyboard; name = Base; path = Base.lproj/Main.storyboard; sourceTree = "<group>"; };
		A509CB24205DFAE200C317EB /* Assets.xcassets */ = {isa = PBXFileReference; lastKnownFileType = folder.assetcatalog; path = Assets.xcassets; sourceTree = "<group>"; };
		A509CB27205DFAE200C317EB /* Base */ = {isa = PBXFileReference; lastKnownFileType = file.storyboard; name = Base; path = Base.lproj/LaunchScreen.storyboard; sourceTree = "<group>"; };
		A509CB29205DFAE200C317EB /* Info.plist */ = {isa = PBXFileReference; lastKnownFileType = text.plist.xml; path = Info.plist; sourceTree = "<group>"; };
		A512E1FE205F4B0A00A52FD4 /* CandidateDataModel.swift */ = {isa = PBXFileReference; fileEncoding = 4; lastKnownFileType = sourcecode.swift; path = CandidateDataModel.swift; sourceTree = "<group>"; };
/* End PBXFileReference section */

/* Begin PBXFrameworksBuildPhase section */
		A509CB17205DFAE200C317EB /* Frameworks */ = {
			isa = PBXFrameworksBuildPhase;
			buildActionMask = 2147483647;
			files = (
				20BCA43ED06F588CCB531B55 /* Pods_RepresentMe.framework in Frameworks */,
			);
			runOnlyForDeploymentPostprocessing = 0;
		};
/* End PBXFrameworksBuildPhase section */

/* Begin PBXGroup section */
		33C1947876153975B39CF254 /* Pods */ = {
			isa = PBXGroup;
			children = (
				0BBAC6D01FDFBE101FB2D081 /* Pods-RepresentMe.debug.xcconfig */,
				02D3473696087DE1213A348C /* Pods-RepresentMe.release.xcconfig */,
			);
			name = Pods;
			sourceTree = "<group>";
		};
		A0762D0C1C5289B9ACA6F8CC /* Frameworks */ = {
			isa = PBXGroup;
			children = (
				171E57D20C6968ED001E1E79 /* Pods_RepresentMe.framework */,
			);
			name = Frameworks;
			sourceTree = "<group>";
		};
		A509CB11205DFAE100C317EB = {
			isa = PBXGroup;
			children = (
				A512E1FE205F4B0A00A52FD4 /* CandidateDataModel.swift */,
				A509CB1C205DFAE200C317EB /* RepresentMe */,
				A509CB1B205DFAE200C317EB /* Products */,
				33C1947876153975B39CF254 /* Pods */,
				A0762D0C1C5289B9ACA6F8CC /* Frameworks */,
			);
			sourceTree = "<group>";
		};
		A509CB1B205DFAE200C317EB /* Products */ = {
			isa = PBXGroup;
			children = (
				A509CB1A205DFAE200C317EB /* RepresentMe.app */,
			);
			name = Products;
			sourceTree = "<group>";
		};
		A509CB1C205DFAE200C317EB /* RepresentMe */ = {
			isa = PBXGroup;
			children = (
				A509CB1D205DFAE200C317EB /* AppDelegate.swift */,
				A509CB21205DFAE200C317EB /* Main.storyboard */,
				A509CB24205DFAE200C317EB /* Assets.xcassets */,
				A509CB26205DFAE200C317EB /* LaunchScreen.storyboard */,
				A509CB29205DFAE200C317EB /* Info.plist */,
			);
			path = RepresentMe;
			sourceTree = "<group>";
		};
/* End PBXGroup section */

/* Begin PBXNativeTarget section */
		A509CB19205DFAE200C317EB /* RepresentMe */ = {
			isa = PBXNativeTarget;
			buildConfigurationList = A509CB2C205DFAE200C317EB /* Build configuration list for PBXNativeTarget "RepresentMe" */;
			buildPhases = (
				D48C965F0C1D002199A56D73 /* [CP] Check Pods Manifest.lock */,
				A509CB16205DFAE200C317EB /* Sources */,
				A509CB17205DFAE200C317EB /* Frameworks */,
				A509CB18205DFAE200C317EB /* Resources */,
				E149FBD92DCF1173F98ED510 /* [CP] Embed Pods Frameworks */,
				7BE86865A6DA756719AE0796 /* [CP] Copy Pods Resources */,
			);
			buildRules = (
			);
			dependencies = (
			);
			name = RepresentMe;
			productName = RepresentMe;
			productReference = A509CB1A205DFAE200C317EB /* RepresentMe.app */;
			productType = "com.apple.product-type.application";
		};
/* End PBXNativeTarget section */

/* Begin PBXProject section */
		A509CB12205DFAE200C317EB /* Project object */ = {
			isa = PBXProject;
			attributes = {
				LastSwiftUpdateCheck = 0820;
				LastUpgradeCheck = 0820;
				ORGANIZATIONNAME = "Arama Brown";
				TargetAttributes = {
					A509CB19205DFAE200C317EB = {
						CreatedOnToolsVersion = 8.2.1;
						ProvisioningStyle = Automatic;
					};
				};
			};
			buildConfigurationList = A509CB15205DFAE200C317EB /* Build configuration list for PBXProject "RepresentMe" */;
			compatibilityVersion = "Xcode 3.2";
			developmentRegion = English;
			hasScannedForEncodings = 0;
			knownRegions = (
				en,
				Base,
			);
			mainGroup = A509CB11205DFAE100C317EB;
			productRefGroup = A509CB1B205DFAE200C317EB /* Products */;
			projectDirPath = "";
			projectRoot = "";
			targets = (
				A509CB19205DFAE200C317EB /* RepresentMe */,
			);
		};
/* End PBXProject section */

/* Begin PBXResourcesBuildPhase section */
		A509CB18205DFAE200C317EB /* Resources */ = {
			isa = PBXResourcesBuildPhase;
			buildActionMask = 2147483647;
			files = (
				A509CB28205DFAE200C317EB /* LaunchScreen.storyboard in Resources */,
				A509CB25205DFAE200C317EB /* Assets.xcassets in Resources */,
				A509CB23205DFAE200C317EB /* Main.storyboard in Resources */,
			);
			runOnlyForDeploymentPostprocessing = 0;
		};
/* End PBXResourcesBuildPhase section */

/* Begin PBXShellScriptBuildPhase section */
		7BE86865A6DA756719AE0796 /* [CP] Copy Pods Resources */ = {
			isa = PBXShellScriptBuildPhase;
			buildActionMask = 2147483647;
			files = (
			);
			inputPaths = (
			);
			name = "[CP] Copy Pods Resources";
			outputPaths = (
			);
			runOnlyForDeploymentPostprocessing = 0;
			shellPath = /bin/sh;
			shellScript = "\"${SRCROOT}/Pods/Target Support Files/Pods-RepresentMe/Pods-RepresentMe-resources.sh\"\n";
			showEnvVarsInLog = 0;
		};
		D48C965F0C1D002199A56D73 /* [CP] Check Pods Manifest.lock */ = {
			isa = PBXShellScriptBuildPhase;
			buildActionMask = 2147483647;
			files = (
			);
			inputPaths = (
				"${PODS_PODFILE_DIR_PATH}/Podfile.lock",
				"${PODS_ROOT}/Manifest.lock",
			);
			name = "[CP] Check Pods Manifest.lock";
			outputPaths = (
				"$(DERIVED_FILE_DIR)/Pods-RepresentMe-checkManifestLockResult.txt",
			);
			runOnlyForDeploymentPostprocessing = 0;
			shellPath = /bin/sh;
			shellScript = "diff \"${PODS_PODFILE_DIR_PATH}/Podfile.lock\" \"${PODS_ROOT}/Manifest.lock\" > /dev/null\nif [ $? != 0 ] ; then\n    # print error to STDERR\n    echo \"error: The sandbox is not in sync with the Podfile.lock. Run 'pod install' or update your CocoaPods installation.\" >&2\n    exit 1\nfi\n# This output is used by Xcode 'outputs' to avoid re-running this script phase.\necho \"SUCCESS\" > \"${SCRIPT_OUTPUT_FILE_0}\"\n";
			showEnvVarsInLog = 0;
		};
		E149FBD92DCF1173F98ED510 /* [CP] Embed Pods Frameworks */ = {
			isa = PBXShellScriptBuildPhase;
			buildActionMask = 2147483647;
			files = (
			);
			inputPaths = (
				"${SRCROOT}/Pods/Target Support Files/Pods-RepresentMe/Pods-RepresentMe-frameworks.sh",
				"${BUILT_PRODUCTS_DIR}/Alamofire/Alamofire.framework",
				"${BUILT_PRODUCTS_DIR}/SwiftyJSON/SwiftyJSON.framework",
			);
			name = "[CP] Embed Pods Frameworks";
			outputPaths = (
				"${TARGET_BUILD_DIR}/${FRAMEWORKS_FOLDER_PATH}/Alamofire.framework",
				"${TARGET_BUILD_DIR}/${FRAMEWORKS_FOLDER_PATH}/SwiftyJSON.framework",
			);
			runOnlyForDeploymentPostprocessing = 0;
			shellPath = /bin/sh;
			shellScript = "\"${SRCROOT}/Pods/Target Support Files/Pods-RepresentMe/Pods-RepresentMe-frameworks.sh\"\n";
			showEnvVarsInLog = 0;
		};
/* End PBXShellScriptBuildPhase section */

/* Begin PBXSourcesBuildPhase section */
		A509CB16205DFAE200C317EB /* Sources */ = {
			isa = PBXSourcesBuildPhase;
			buildActionMask = 2147483647;
			files = (
				A509CB1E205DFAE200C317EB /* AppDelegate.swift in Sources */,
				A512E1FF205F4B0A00A52FD4 /* CandidateDataModel.swift in Sources */,
			);
			runOnlyForDeploymentPostprocessing = 0;
		};
/* End PBXSourcesBuildPhase section */

/* Begin PBXVariantGroup section */
		A509CB21205DFAE200C317EB /* Main.storyboard */ = {
			isa = PBXVariantGroup;
			children = (
				A509CB22205DFAE200C317EB /* Base */,
			);
			name = Main.storyboard;
			sourceTree = "<group>";
		};
		A509CB26205DFAE200C317EB /* LaunchScreen.storyboard */ = {
			isa = PBXVariantGroup;
			children = (
				A509CB27205DFAE200C317EB /* Base */,
			);
			name = LaunchScreen.storyboard;
			sourceTree = "<group>";
		};
/* End PBXVariantGroup section */

/* Begin XCBuildConfiguration section */
		A509CB2A205DFAE200C317EB /* Debug */ = {
			isa = XCBuildConfiguration;
			buildSettings = {
				ALWAYS_SEARCH_USER_PATHS = NO;
				CLANG_ANALYZER_NONNULL = YES;
				CLANG_CXX_LANGUAGE_STANDARD = "gnu++0x";
				CLANG_CXX_LIBRARY = "libc++";
				CLANG_ENABLE_MODULES = YES;
				CLANG_ENABLE_OBJC_ARC = YES;
				CLANG_WARN_BOOL_CONVERSION = YES;
				CLANG_WARN_CONSTANT_CONVERSION = YES;
				CLANG_WARN_DIRECT_OBJC_ISA_USAGE = YES_ERROR;
				CLANG_WARN_DOCUMENTATION_COMMENTS = YES;
				CLANG_WARN_EMPTY_BODY = YES;
				CLANG_WARN_ENUM_CONVERSION = YES;
				CLANG_WARN_INFINITE_RECURSION = YES;
				CLANG_WARN_INT_CONVERSION = YES;
				CLANG_WARN_OBJC_ROOT_CLASS = YES_ERROR;
				CLANG_WARN_SUSPICIOUS_MOVE = YES;
				CLANG_WARN_UNREACHABLE_CODE = YES;
				CLANG_WARN__DUPLICATE_METHOD_MATCH = YES;
				"CODE_SIGN_IDENTITY[sdk=iphoneos*]" = "iPhone Developer";
				COPY_PHASE_STRIP = NO;
				DEBUG_INFORMATION_FORMAT = dwarf;
				ENABLE_STRICT_OBJC_MSGSEND = YES;
				ENABLE_TESTABILITY = YES;
				GCC_C_LANGUAGE_STANDARD = gnu99;
				GCC_DYNAMIC_NO_PIC = NO;
				GCC_NO_COMMON_BLOCKS = YES;
				GCC_OPTIMIZATION_LEVEL = 0;
				GCC_PREPROCESSOR_DEFINITIONS = (
					"DEBUG=1",
					"$(inherited)",
				);
				GCC_WARN_64_TO_32_BIT_CONVERSION = YES;
				GCC_WARN_ABOUT_RETURN_TYPE = YES_ERROR;
				GCC_WARN_UNDECLARED_SELECTOR = YES;
				GCC_WARN_UNINITIALIZED_AUTOS = YES_AGGRESSIVE;
				GCC_WARN_UNUSED_FUNCTION = YES;
				GCC_WARN_UNUSED_VARIABLE = YES;
				IPHONEOS_DEPLOYMENT_TARGET = 10.2;
				MTL_ENABLE_DEBUG_INFO = YES;
				ONLY_ACTIVE_ARCH = YES;
				SDKROOT = iphoneos;
				SWIFT_ACTIVE_COMPILATION_CONDITIONS = DEBUG;
				SWIFT_OPTIMIZATION_LEVEL = "-Onone";
				TARGETED_DEVICE_FAMILY = "1,2";
			};
			name = Debug;
		};
		A509CB2B205DFAE200C317EB /* Release */ = {
			isa = XCBuildConfiguration;
			buildSettings = {
				ALWAYS_SEARCH_USER_PATHS = NO;
				CLANG_ANALYZER_NONNULL = YES;
				CLANG_CXX_LANGUAGE_STANDARD = "gnu++0x";
				CLANG_CXX_LIBRARY = "libc++";
				CLANG_ENABLE_MODULES = YES;
				CLANG_ENABLE_OBJC_ARC = YES;
				CLANG_WARN_BOOL_CONVERSION = YES;
				CLANG_WARN_CONSTANT_CONVERSION = YES;
				CLANG_WARN_DIRECT_OBJC_ISA_USAGE = YES_ERROR;
				CLANG_WARN_DOCUMENTATION_COMMENTS = YES;
				CLANG_WARN_EMPTY_BODY = YES;
				CLANG_WARN_ENUM_CONVERSION = YES;
				CLANG_WARN_INFINITE_RECURSION = YES;
				CLANG_WARN_INT_CONVERSION = YES;
				CLANG_WARN_OBJC_ROOT_CLASS = YES_ERROR;
				CLANG_WARN_SUSPICIOUS_MOVE = YES;
				CLANG_WARN_UNREACHABLE_CODE = YES;
				CLANG_WARN__DUPLICATE_METHOD_MATCH = YES;
				"CODE_SIGN_IDENTITY[sdk=iphoneos*]" = "iPhone Developer";
				COPY_PHASE_STRIP = NO;
				DEBUG_INFORMATION_FORMAT = "dwarf-with-dsym";
				ENABLE_NS_ASSERTIONS = NO;
				ENABLE_STRICT_OBJC_MSGSEND = YES;
				GCC_C_LANGUAGE_STANDARD = gnu99;
				GCC_NO_COMMON_BLOCKS = YES;
				GCC_WARN_64_TO_32_BIT_CONVERSION = YES;
				GCC_WARN_ABOUT_RETURN_TYPE = YES_ERROR;
				GCC_WARN_UNDECLARED_SELECTOR = YES;
				GCC_WARN_UNINITIALIZED_AUTOS = YES_AGGRESSIVE;
				GCC_WARN_UNUSED_FUNCTION = YES;
				GCC_WARN_UNUSED_VARIABLE = YES;
				IPHONEOS_DEPLOYMENT_TARGET = 10.2;
				MTL_ENABLE_DEBUG_INFO = NO;
				SDKROOT = iphoneos;
				SWIFT_OPTIMIZATION_LEVEL = "-Owholemodule";
				TARGETED_DEVICE_FAMILY = "1,2";
				VALIDATE_PRODUCT = YES;
			};
			name = Release;
		};
		A509CB2D205DFAE200C317EB /* Debug */ = {
			isa = XCBuildConfiguration;
			baseConfigurationReference = 0BBAC6D01FDFBE101FB2D081 /* Pods-RepresentMe.debug.xcconfig */;
			buildSettings = {
				ASSETCATALOG_COMPILER_APPICON_NAME = AppIcon;
				INFOPLIST_FILE = RepresentMe/Info.plist;
				LD_RUNPATH_SEARCH_PATHS = "$(inherited) @executable_path/Frameworks";
				PRODUCT_BUNDLE_IDENTIFIER = com.aramabrown.RepresentMe;
				PRODUCT_NAME = "$(TARGET_NAME)";
				SWIFT_VERSION = 3.0;
			};
			name = Debug;
		};
		A509CB2E205DFAE200C317EB /* Release */ = {
			isa = XCBuildConfiguration;
			baseConfigurationReference = 02D3473696087DE1213A348C /* Pods-RepresentMe.release.xcconfig */;
			buildSettings = {
				ASSETCATALOG_COMPILER_APPICON_NAME = AppIcon;
				INFOPLIST_FILE = RepresentMe/Info.plist;
				LD_RUNPATH_SEARCH_PATHS = "$(inherited) @executable_path/Frameworks";
				PRODUCT_BUNDLE_IDENTIFIER = com.aramabrown.RepresentMe;
				PRODUCT_NAME = "$(TARGET_NAME)";
				SWIFT_VERSION = 3.0;
			};
			name = Release;
		};
/* End XCBuildConfiguration section */

/* Begin XCConfigurationList section */
		A509CB15205DFAE200C317EB /* Build configuration list for PBXProject "RepresentMe" */ = {
			isa = XCConfigurationList;
			buildConfigurations = (
				A509CB2A205DFAE200C317EB /* Debug */,
				A509CB2B205DFAE200C317EB /* Release */,
			);
			defaultConfigurationIsVisible = 0;
			defaultConfigurationName = Release;
		};
		A509CB2C205DFAE200C317EB /* Build configuration list for PBXNativeTarget "RepresentMe" */ = {
			isa = XCConfigurationList;
			buildConfigurations = (
				A509CB2D205DFAE200C317EB /* Debug */,
				A509CB2E205DFAE200C317EB /* Release */,
			);
			defaultConfigurationIsVisible = 0;
			defaultConfigurationName = Release;
		};
/* End XCConfigurationList section */
	};
	rootObject = A509CB12205DFAE200C317EB /* Project object */;
}
